
Microsoft Visual Studio Solution File, Format Version 12.00
# Visual Studio 15
VisualStudioVersion = 15.0.26730.16
MinimumVisualStudioVersion = 10.0.40219.1
Project("{FAE04EC0-301F-11D3-BF4B-00C04F79EFBC}") = "TechProg3", "TechProg3\TechProg3.csproj", "{190808E2-0E5A-4DEE-AB26-FA7E322E5C2B}"
EndProject
Global
	GlobalSection(SolutionConfigurationPlatforms) = preSolution
		Debug|Any CPU = Debug|Any CPU
		Release|Any CPU = Release|Any CPU
	EndGlobalSection
	GlobalSection(ProjectConfigurationPlatforms) = postSolution
		{190808E2-0E5A-4DEE-AB26-FA7E322E5C2B}.Debug|Any CPU.ActiveCfg = Debug|Any CPU
		{190808E2-0E5A-4DEE-AB26-FA7E322E5C2B}.Debug|Any CPU.Build.0 = Debug|Any CPU
		{190808E2-0E5A-4DEE-AB26-FA7E322E5C2B}.Release|Any CPU.ActiveCfg = Release|Any CPU
		{190808E2-0E5A-4DEE-AB26-FA7E322E5C2B}.Release|Any CPU.Build.0 = Release|Any CPU
	EndGlobalSection
	GlobalSection(SolutionProperties) = preSolution
		HideSolutionNode = FALSE
	EndGlobalSection
	GlobalSection(ExtensibilityGlobals) = postSolution
		SolutionGuid = {CC2CEAF4-DC98-4B00-9782-DE9C762E1D8A}
	EndGlobalSection
EndGlobal
